
Microsoft Visual Studio Solution File, Format Version 11.00
# Visual Studio 2010
# SharpDevelop 5.1
Project("{FAE04EC0-301F-11D3-BF4B-00C04F79EFBC}") = "projet10-deplaceElementTab", "projet10-deplaceElementTab.csproj", "{2638BA99-1771-478C-B469-3CC96342A725}"
EndProject
Global
	GlobalSection(SolutionConfigurationPlatforms) = preSolution
		Debug|Any CPU = Debug|Any CPU
		Release|Any CPU = Release|Any CPU
	EndGlobalSection
	GlobalSection(ProjectConfigurationPlatforms) = postSolution
		{2638BA99-1771-478C-B469-3CC96342A725}.Debug|Any CPU.ActiveCfg = Debug|Any CPU
		{2638BA99-1771-478C-B469-3CC96342A725}.Debug|Any CPU.Build.0 = Debug|Any CPU
		{2638BA99-1771-478C-B469-3CC96342A725}.Release|Any CPU.ActiveCfg = Release|Any CPU
		{2638BA99-1771-478C-B469-3CC96342A725}.Release|Any CPU.Build.0 = Release|Any CPU
	EndGlobalSection
EndGlobal
