
Microsoft Visual Studio Solution File, Format Version 11.00
# Visual Studio 2010
# SharpDevelop 5.1
Project("{FAE04EC0-301F-11D3-BF4B-00C04F79EFBC}") = "projet6-tri-trois-nombre", "projet6-tri-trois-nombre.csproj", "{52C0A783-990E-467E-8FF9-011C6A3B5391}"
EndProject
Global
	GlobalSection(SolutionConfigurationPlatforms) = preSolution
		Debug|Any CPU = Debug|Any CPU
		Release|Any CPU = Release|Any CPU
	EndGlobalSection
	GlobalSection(ProjectConfigurationPlatforms) = postSolution
		{52C0A783-990E-467E-8FF9-011C6A3B5391}.Debug|Any CPU.ActiveCfg = Debug|Any CPU
		{52C0A783-990E-467E-8FF9-011C6A3B5391}.Debug|Any CPU.Build.0 = Debug|Any CPU
		{52C0A783-990E-467E-8FF9-011C6A3B5391}.Release|Any CPU.ActiveCfg = Release|Any CPU
		{52C0A783-990E-467E-8FF9-011C6A3B5391}.Release|Any CPU.Build.0 = Release|Any CPU
	EndGlobalSection
EndGlobal
