
Microsoft Visual Studio Solution File, Format Version 12.00
# Visual Studio Version 17
VisualStudioVersion = 17.0.32002.185
MinimumVisualStudioVersion = 10.0.40219.1
Project("{FAE04EC0-301F-11D3-BF4B-00C04F79EFBC}") = "Projet18-managerCustomer", "Projet18-managerCustomer\Projet18-managerCustomer.csproj", "{90B77A0F-DEA0-4518-92AF-7410F4D37F8D}"
EndProject
Global
	GlobalSection(SolutionConfigurationPlatforms) = preSolution
		Debug|Any CPU = Debug|Any CPU
		Release|Any CPU = Release|Any CPU
	EndGlobalSection
	GlobalSection(ProjectConfigurationPlatforms) = postSolution
		{90B77A0F-DEA0-4518-92AF-7410F4D37F8D}.Debug|Any CPU.ActiveCfg = Debug|Any CPU
		{90B77A0F-DEA0-4518-92AF-7410F4D37F8D}.Debug|Any CPU.Build.0 = Debug|Any CPU
		{90B77A0F-DEA0-4518-92AF-7410F4D37F8D}.Release|Any CPU.ActiveCfg = Release|Any CPU
		{90B77A0F-DEA0-4518-92AF-7410F4D37F8D}.Release|Any CPU.Build.0 = Release|Any CPU
	EndGlobalSection
	GlobalSection(SolutionProperties) = preSolution
		HideSolutionNode = FALSE
	EndGlobalSection
	GlobalSection(ExtensibilityGlobals) = postSolution
		SolutionGuid = {4FD86005-BA4D-41BB-AC93-57D5849F2FD9}
	EndGlobalSection
EndGlobal
