
Microsoft Visual Studio Solution File, Format Version 11.00
# Visual Studio 2010
# SharpDevelop 5.1
Project("{FAE04EC0-301F-11D3-BF4B-00C04F79EFBC}") = "projet15-formulaire1", "projet15-formulaire1.csproj", "{4E4393E3-E7B6-46D7-806E-F62C395C6A68}"
EndProject
Global
	GlobalSection(SolutionConfigurationPlatforms) = preSolution
		Debug|Any CPU = Debug|Any CPU
		Release|Any CPU = Release|Any CPU
	EndGlobalSection
	GlobalSection(ProjectConfigurationPlatforms) = postSolution
		{4E4393E3-E7B6-46D7-806E-F62C395C6A68}.Debug|Any CPU.ActiveCfg = Debug|Any CPU
		{4E4393E3-E7B6-46D7-806E-F62C395C6A68}.Debug|Any CPU.Build.0 = Debug|Any CPU
		{4E4393E3-E7B6-46D7-806E-F62C395C6A68}.Release|Any CPU.ActiveCfg = Release|Any CPU
		{4E4393E3-E7B6-46D7-806E-F62C395C6A68}.Release|Any CPU.Build.0 = Release|Any CPU
	EndGlobalSection
EndGlobal
