
Microsoft Visual Studio Solution File, Format Version 12.00
# Visual Studio Version 17
VisualStudioVersion = 17.0.32002.185
MinimumVisualStudioVersion = 10.0.40219.1
Project("{FAE04EC0-301F-11D3-BF4B-00C04F79EFBC}") = "EvaluationJanvier", "EvaluationJanvier\EvaluationJanvier.csproj", "{B26A2F15-0D2D-4769-977E-B762EF7AB47A}"
EndProject
Global
	GlobalSection(SolutionConfigurationPlatforms) = preSolution
		Debug|Any CPU = Debug|Any CPU
		Release|Any CPU = Release|Any CPU
	EndGlobalSection
	GlobalSection(ProjectConfigurationPlatforms) = postSolution
		{B26A2F15-0D2D-4769-977E-B762EF7AB47A}.Debug|Any CPU.ActiveCfg = Debug|Any CPU
		{B26A2F15-0D2D-4769-977E-B762EF7AB47A}.Debug|Any CPU.Build.0 = Debug|Any CPU
		{B26A2F15-0D2D-4769-977E-B762EF7AB47A}.Release|Any CPU.ActiveCfg = Release|Any CPU
		{B26A2F15-0D2D-4769-977E-B762EF7AB47A}.Release|Any CPU.Build.0 = Release|Any CPU
	EndGlobalSection
	GlobalSection(SolutionProperties) = preSolution
		HideSolutionNode = FALSE
	EndGlobalSection
	GlobalSection(ExtensibilityGlobals) = postSolution
		SolutionGuid = {FD7DD2A2-D295-4898-B9DC-2921C0D99B06}
	EndGlobalSection
EndGlobal
