
Microsoft Visual Studio Solution File, Format Version 11.00
# Visual Studio 2010
# SharpDevelop 5.1
Project("{FAE04EC0-301F-11D3-BF4B-00C04F79EFBC}") = "Projet1", "Projet1.csproj", "{6AF5D1DD-66E7-4E4C-8D72-140D59569318}"
EndProject
Global
	GlobalSection(SolutionConfigurationPlatforms) = preSolution
		Debug|Any CPU = Debug|Any CPU
		Release|Any CPU = Release|Any CPU
	EndGlobalSection
	GlobalSection(ProjectConfigurationPlatforms) = postSolution
		{6AF5D1DD-66E7-4E4C-8D72-140D59569318}.Debug|Any CPU.ActiveCfg = Debug|Any CPU
		{6AF5D1DD-66E7-4E4C-8D72-140D59569318}.Debug|Any CPU.Build.0 = Debug|Any CPU
		{6AF5D1DD-66E7-4E4C-8D72-140D59569318}.Release|Any CPU.ActiveCfg = Release|Any CPU
		{6AF5D1DD-66E7-4E4C-8D72-140D59569318}.Release|Any CPU.Build.0 = Release|Any CPU
	EndGlobalSection
EndGlobal
