
Microsoft Visual Studio Solution File, Format Version 11.00
# Visual Studio 2010
# SharpDevelop 5.1
Project("{FAE04EC0-301F-11D3-BF4B-00C04F79EFBC}") = "projet2", "projet2\projet2.csproj", "{8C43E048-D19E-4C29-BFE8-3466331C6CF8}"
EndProject
Global
	GlobalSection(SolutionConfigurationPlatforms) = preSolution
		Debug|Any CPU = Debug|Any CPU
		Release|Any CPU = Release|Any CPU
	EndGlobalSection
	GlobalSection(ProjectConfigurationPlatforms) = postSolution
		{8C43E048-D19E-4C29-BFE8-3466331C6CF8}.Debug|Any CPU.ActiveCfg = Debug|Any CPU
		{8C43E048-D19E-4C29-BFE8-3466331C6CF8}.Debug|Any CPU.Build.0 = Debug|Any CPU
		{8C43E048-D19E-4C29-BFE8-3466331C6CF8}.Release|Any CPU.ActiveCfg = Release|Any CPU
		{8C43E048-D19E-4C29-BFE8-3466331C6CF8}.Release|Any CPU.Build.0 = Release|Any CPU
	EndGlobalSection
EndGlobal
